
Microsoft Visual Studio Solution File, Format Version 12.00
# Visual Studio Version 17
VisualStudioVersion = 17.14.36203.30 d17.14
MinimumVisualStudioVersion = 10.0.40219.1
Project("{FAE04EC0-301F-11D3-BF4B-00C04F79EFBC}") = "Qrowd.API", "Qrowd.API\Qrowd.API.csproj", "{158EC3F3-0649-44E2-BCEB-00ECF2342838}"
EndProject
Project("{FAE04EC0-301F-11D3-BF4B-00C04F79EFBC}") = "Qrowd.Domain", "Qrowd.Domain\Qrowd.Domain.csproj", "{7EA8CAEF-376C-47B6-9505-D9AC8E646926}"
EndProject
Project("{FAE04EC0-301F-11D3-BF4B-00C04F79EFBC}") = "Qrowd.Application", "Qrowd.Application\Qrowd.Application.csproj", "{092A3A3F-2BBC-4A68-858F-CEF3E344E1F9}"
EndProject
Project("{FAE04EC0-301F-11D3-BF4B-00C04F79EFBC}") = "Qrowd.Infrastructure", "Qrowd.Infrastructure\Qrowd.Infrastructure.csproj", "{327543C2-7C8C-4489-8A79-E50CAF4034ED}"
EndProject
Global
	GlobalSection(SolutionConfigurationPlatforms) = preSolution
		Debug|Any CPU = Debug|Any CPU
		Release|Any CPU = Release|Any CPU
	EndGlobalSection
	GlobalSection(ProjectConfigurationPlatforms) = postSolution
		{158EC3F3-0649-44E2-BCEB-00ECF2342838}.Debug|Any CPU.ActiveCfg = Debug|Any CPU
		{158EC3F3-0649-44E2-BCEB-00ECF2342838}.Debug|Any CPU.Build.0 = Debug|Any CPU
		{158EC3F3-0649-44E2-BCEB-00ECF2342838}.Release|Any CPU.ActiveCfg = Release|Any CPU
		{158EC3F3-0649-44E2-BCEB-00ECF2342838}.Release|Any CPU.Build.0 = Release|Any CPU
		{7EA8CAEF-376C-47B6-9505-D9AC8E646926}.Debug|Any CPU.ActiveCfg = Debug|Any CPU
		{7EA8CAEF-376C-47B6-9505-D9AC8E646926}.Debug|Any CPU.Build.0 = Debug|Any CPU
		{7EA8CAEF-376C-47B6-9505-D9AC8E646926}.Release|Any CPU.ActiveCfg = Release|Any CPU
		{7EA8CAEF-376C-47B6-9505-D9AC8E646926}.Release|Any CPU.Build.0 = Release|Any CPU
		{092A3A3F-2BBC-4A68-858F-CEF3E344E1F9}.Debug|Any CPU.ActiveCfg = Debug|Any CPU
		{092A3A3F-2BBC-4A68-858F-CEF3E344E1F9}.Debug|Any CPU.Build.0 = Debug|Any CPU
		{092A3A3F-2BBC-4A68-858F-CEF3E344E1F9}.Release|Any CPU.ActiveCfg = Release|Any CPU
		{092A3A3F-2BBC-4A68-858F-CEF3E344E1F9}.Release|Any CPU.Build.0 = Release|Any CPU
		{327543C2-7C8C-4489-8A79-E50CAF4034ED}.Debug|Any CPU.ActiveCfg = Debug|Any CPU
		{327543C2-7C8C-4489-8A79-E50CAF4034ED}.Debug|Any CPU.Build.0 = Debug|Any CPU
		{327543C2-7C8C-4489-8A79-E50CAF4034ED}.Release|Any CPU.ActiveCfg = Release|Any CPU
		{327543C2-7C8C-4489-8A79-E50CAF4034ED}.Release|Any CPU.Build.0 = Release|Any CPU
	EndGlobalSection
	GlobalSection(SolutionProperties) = preSolution
		HideSolutionNode = FALSE
	EndGlobalSection
	GlobalSection(ExtensibilityGlobals) = postSolution
		SolutionGuid = {DBC65276-791F-49EA-B18D-0054F260A610}
	EndGlobalSection
EndGlobal
